
Microsoft Visual Studio Solution File, Format Version 12.00
# Visual Studio Version 17
VisualStudioVersion = 17.7.34202.233
MinimumVisualStudioVersion = 10.0.40219.1
Project("{FAE04EC0-301F-11D3-BF4B-00C04F79EFBC}") = "practica15", "practica15.csproj", "{0D2557A9-AF2C-42CE-8515-C480198A994F}"
EndProject
Global
	GlobalSection(SolutionConfigurationPlatforms) = preSolution
		Debug|Any CPU = Debug|Any CPU
		Release|Any CPU = Release|Any CPU
	EndGlobalSection
	GlobalSection(ProjectConfigurationPlatforms) = postSolution
		{0D2557A9-AF2C-42CE-8515-C480198A994F}.Debug|Any CPU.ActiveCfg = Debug|Any CPU
		{0D2557A9-AF2C-42CE-8515-C480198A994F}.Debug|Any CPU.Build.0 = Debug|Any CPU
		{0D2557A9-AF2C-42CE-8515-C480198A994F}.Release|Any CPU.ActiveCfg = Release|Any CPU
		{0D2557A9-AF2C-42CE-8515-C480198A994F}.Release|Any CPU.Build.0 = Release|Any CPU
	EndGlobalSection
	GlobalSection(SolutionProperties) = preSolution
		HideSolutionNode = FALSE
	EndGlobalSection
	GlobalSection(ExtensibilityGlobals) = postSolution
		SolutionGuid = {45EB1BAF-0F63-4276-9CA1-AF1848164B20}
	EndGlobalSection
EndGlobal
